
Microsoft Visual Studio Solution File, Format Version 12.00
# Visual Studio 2012
Project("{FAE04EC0-301F-11D3-BF4B-00C04F79EFBC}") = "ShoeEcommers.WebAdminDynamic", "..\ShoeEcommers.WebAdminDynamic\ShoeEcommers.WebAdminDynamic.csproj", "{449C745E-DA04-4481-A1B3-56B76A145B0A}"
EndProject
Project("{FAE04EC0-301F-11D3-BF4B-00C04F79EFBC}") = "ShoesEcommers.ShopWeb", "..\ShoesEcommers.ShopWeb\ShoesEcommers.ShopWeb.csproj", "{7F5E59B0-84F9-43C8-B899-691903772178}"
EndProject
Project("{FAE04EC0-301F-11D3-BF4B-00C04F79EFBC}") = "ShoeEcommers.LogicLayer", "..\ShoeEcommers.LogicLayer\ShoeEcommers.LogicLayer.csproj", "{B5A7D260-0217-4EDF-BAA1-0BBDD01B2FBD}"
EndProject
Global
	GlobalSection(SolutionConfigurationPlatforms) = preSolution
		Debug|Any CPU = Debug|Any CPU
		Release|Any CPU = Release|Any CPU
	EndGlobalSection
	GlobalSection(ProjectConfigurationPlatforms) = postSolution
		{449C745E-DA04-4481-A1B3-56B76A145B0A}.Debug|Any CPU.ActiveCfg = Debug|Any CPU
		{449C745E-DA04-4481-A1B3-56B76A145B0A}.Debug|Any CPU.Build.0 = Debug|Any CPU
		{449C745E-DA04-4481-A1B3-56B76A145B0A}.Release|Any CPU.ActiveCfg = Release|Any CPU
		{449C745E-DA04-4481-A1B3-56B76A145B0A}.Release|Any CPU.Build.0 = Release|Any CPU
		{7F5E59B0-84F9-43C8-B899-691903772178}.Debug|Any CPU.ActiveCfg = Debug|Any CPU
		{7F5E59B0-84F9-43C8-B899-691903772178}.Debug|Any CPU.Build.0 = Debug|Any CPU
		{7F5E59B0-84F9-43C8-B899-691903772178}.Release|Any CPU.ActiveCfg = Release|Any CPU
		{7F5E59B0-84F9-43C8-B899-691903772178}.Release|Any CPU.Build.0 = Release|Any CPU
		{B5A7D260-0217-4EDF-BAA1-0BBDD01B2FBD}.Debug|Any CPU.ActiveCfg = Debug|Any CPU
		{B5A7D260-0217-4EDF-BAA1-0BBDD01B2FBD}.Debug|Any CPU.Build.0 = Debug|Any CPU
		{B5A7D260-0217-4EDF-BAA1-0BBDD01B2FBD}.Release|Any CPU.ActiveCfg = Release|Any CPU
		{B5A7D260-0217-4EDF-BAA1-0BBDD01B2FBD}.Release|Any CPU.Build.0 = Release|Any CPU
	EndGlobalSection
	GlobalSection(SolutionProperties) = preSolution
		HideSolutionNode = FALSE
	EndGlobalSection
EndGlobal
